
Microsoft Visual Studio Solution File, Format Version 12.00
# Visual Studio 15
VisualStudioVersion = 15.0.28307.1525
MinimumVisualStudioVersion = 10.0.40219.1
Project("{8BC9CEB8-8B4A-11D0-8D11-00A0C91BC942}") = "lab11", "lab11\lab11.vcxproj", "{48CB49DC-CE80-4DFB-8CEB-D52D061A73F5}"
EndProject
Project("{8BC9CEB8-8B4A-11D0-8D11-00A0C91BC942}") = "Zadacha_2", "Zadacha_2\Zadacha_2.vcxproj", "{F6E00240-3DC6-42E6-9675-FD2B39801016}"
EndProject
Project("{8BC9CEB8-8B4A-11D0-8D11-00A0C91BC942}") = "Zadacha_3", "Zadacha_3\Zadacha_3.vcxproj", "{60DD8742-975B-4DB1-B861-C52321975285}"
EndProject
Project("{8BC9CEB8-8B4A-11D0-8D11-00A0C91BC942}") = "Zadacha_4", "Zadacha_4\Zadacha_4.vcxproj", "{C0798612-B922-4278-AED2-453BF670A138}"
EndProject
Project("{8BC9CEB8-8B4A-11D0-8D11-00A0C91BC942}") = "Zadacha_5", "Zadacha_5\Zadacha_5.vcxproj", "{932FA751-F410-43B1-AAFC-A59D5551770B}"
EndProject
Global
	GlobalSection(SolutionConfigurationPlatforms) = preSolution
		Debug|x64 = Debug|x64
		Debug|x86 = Debug|x86
		Release|x64 = Release|x64
		Release|x86 = Release|x86
	EndGlobalSection
	GlobalSection(ProjectConfigurationPlatforms) = postSolution
		{48CB49DC-CE80-4DFB-8CEB-D52D061A73F5}.Debug|x64.ActiveCfg = Debug|x64
		{48CB49DC-CE80-4DFB-8CEB-D52D061A73F5}.Debug|x64.Build.0 = Debug|x64
		{48CB49DC-CE80-4DFB-8CEB-D52D061A73F5}.Debug|x86.ActiveCfg = Debug|Win32
		{48CB49DC-CE80-4DFB-8CEB-D52D061A73F5}.Debug|x86.Build.0 = Debug|Win32
		{48CB49DC-CE80-4DFB-8CEB-D52D061A73F5}.Release|x64.ActiveCfg = Release|x64
		{48CB49DC-CE80-4DFB-8CEB-D52D061A73F5}.Release|x64.Build.0 = Release|x64
		{48CB49DC-CE80-4DFB-8CEB-D52D061A73F5}.Release|x86.ActiveCfg = Release|Win32
		{48CB49DC-CE80-4DFB-8CEB-D52D061A73F5}.Release|x86.Build.0 = Release|Win32
		{F6E00240-3DC6-42E6-9675-FD2B39801016}.Debug|x64.ActiveCfg = Debug|x64
		{F6E00240-3DC6-42E6-9675-FD2B39801016}.Debug|x64.Build.0 = Debug|x64
		{F6E00240-3DC6-42E6-9675-FD2B39801016}.Debug|x86.ActiveCfg = Debug|Win32
		{F6E00240-3DC6-42E6-9675-FD2B39801016}.Debug|x86.Build.0 = Debug|Win32
		{F6E00240-3DC6-42E6-9675-FD2B39801016}.Release|x64.ActiveCfg = Release|x64
		{F6E00240-3DC6-42E6-9675-FD2B39801016}.Release|x64.Build.0 = Release|x64
		{F6E00240-3DC6-42E6-9675-FD2B39801016}.Release|x86.ActiveCfg = Release|Win32
		{F6E00240-3DC6-42E6-9675-FD2B39801016}.Release|x86.Build.0 = Release|Win32
		{60DD8742-975B-4DB1-B861-C52321975285}.Debug|x64.ActiveCfg = Debug|x64
		{60DD8742-975B-4DB1-B861-C52321975285}.Debug|x64.Build.0 = Debug|x64
		{60DD8742-975B-4DB1-B861-C52321975285}.Debug|x86.ActiveCfg = Debug|Win32
		{60DD8742-975B-4DB1-B861-C52321975285}.Debug|x86.Build.0 = Debug|Win32
		{60DD8742-975B-4DB1-B861-C52321975285}.Release|x64.ActiveCfg = Release|x64
		{60DD8742-975B-4DB1-B861-C52321975285}.Release|x64.Build.0 = Release|x64
		{60DD8742-975B-4DB1-B861-C52321975285}.Release|x86.ActiveCfg = Release|Win32
		{60DD8742-975B-4DB1-B861-C52321975285}.Release|x86.Build.0 = Release|Win32
		{C0798612-B922-4278-AED2-453BF670A138}.Debug|x64.ActiveCfg = Debug|x64
		{C0798612-B922-4278-AED2-453BF670A138}.Debug|x64.Build.0 = Debug|x64
		{C0798612-B922-4278-AED2-453BF670A138}.Debug|x86.ActiveCfg = Debug|Win32
		{C0798612-B922-4278-AED2-453BF670A138}.Debug|x86.Build.0 = Debug|Win32
		{C0798612-B922-4278-AED2-453BF670A138}.Release|x64.ActiveCfg = Release|x64
		{C0798612-B922-4278-AED2-453BF670A138}.Release|x64.Build.0 = Release|x64
		{C0798612-B922-4278-AED2-453BF670A138}.Release|x86.ActiveCfg = Release|Win32
		{C0798612-B922-4278-AED2-453BF670A138}.Release|x86.Build.0 = Release|Win32
		{932FA751-F410-43B1-AAFC-A59D5551770B}.Debug|x64.ActiveCfg = Debug|x64
		{932FA751-F410-43B1-AAFC-A59D5551770B}.Debug|x64.Build.0 = Debug|x64
		{932FA751-F410-43B1-AAFC-A59D5551770B}.Debug|x86.ActiveCfg = Debug|Win32
		{932FA751-F410-43B1-AAFC-A59D5551770B}.Debug|x86.Build.0 = Debug|Win32
		{932FA751-F410-43B1-AAFC-A59D5551770B}.Release|x64.ActiveCfg = Release|x64
		{932FA751-F410-43B1-AAFC-A59D5551770B}.Release|x64.Build.0 = Release|x64
		{932FA751-F410-43B1-AAFC-A59D5551770B}.Release|x86.ActiveCfg = Release|Win32
		{932FA751-F410-43B1-AAFC-A59D5551770B}.Release|x86.Build.0 = Release|Win32
	EndGlobalSection
	GlobalSection(SolutionProperties) = preSolution
		HideSolutionNode = FALSE
	EndGlobalSection
	GlobalSection(ExtensibilityGlobals) = postSolution
		SolutionGuid = {D022167E-0554-4188-A6F5-E2B076223C58}
	EndGlobalSection
EndGlobal
