
Microsoft Visual Studio Solution File, Format Version 12.00
# Visual Studio 15
VisualStudioVersion = 15.0.28307.1525
MinimumVisualStudioVersion = 10.0.40219.1
Project("{8BC9CEB8-8B4A-11D0-8D11-00A0C91BC942}") = "lab12", "lab12\lab12.vcxproj", "{A1E9F0AC-C986-4FDB-BB14-2E52D7B0BCC1}"
EndProject
Project("{8BC9CEB8-8B4A-11D0-8D11-00A0C91BC942}") = "Zadacha_2", "Zadacha_2\Zadacha_2.vcxproj", "{0C141AC6-BAC3-43F7-9B7B-7AAD699B809B}"
EndProject
Project("{8BC9CEB8-8B4A-11D0-8D11-00A0C91BC942}") = "Zadacha_3", "Zadacha_3\Zadacha_3.vcxproj", "{FEF561EC-5A86-4FD8-B21C-81264D152500}"
EndProject
Global
	GlobalSection(SolutionConfigurationPlatforms) = preSolution
		Debug|x64 = Debug|x64
		Debug|x86 = Debug|x86
		Release|x64 = Release|x64
		Release|x86 = Release|x86
	EndGlobalSection
	GlobalSection(ProjectConfigurationPlatforms) = postSolution
		{A1E9F0AC-C986-4FDB-BB14-2E52D7B0BCC1}.Debug|x64.ActiveCfg = Debug|x64
		{A1E9F0AC-C986-4FDB-BB14-2E52D7B0BCC1}.Debug|x64.Build.0 = Debug|x64
		{A1E9F0AC-C986-4FDB-BB14-2E52D7B0BCC1}.Debug|x86.ActiveCfg = Debug|Win32
		{A1E9F0AC-C986-4FDB-BB14-2E52D7B0BCC1}.Debug|x86.Build.0 = Debug|Win32
		{A1E9F0AC-C986-4FDB-BB14-2E52D7B0BCC1}.Release|x64.ActiveCfg = Release|x64
		{A1E9F0AC-C986-4FDB-BB14-2E52D7B0BCC1}.Release|x64.Build.0 = Release|x64
		{A1E9F0AC-C986-4FDB-BB14-2E52D7B0BCC1}.Release|x86.ActiveCfg = Release|Win32
		{A1E9F0AC-C986-4FDB-BB14-2E52D7B0BCC1}.Release|x86.Build.0 = Release|Win32
		{0C141AC6-BAC3-43F7-9B7B-7AAD699B809B}.Debug|x64.ActiveCfg = Debug|x64
		{0C141AC6-BAC3-43F7-9B7B-7AAD699B809B}.Debug|x64.Build.0 = Debug|x64
		{0C141AC6-BAC3-43F7-9B7B-7AAD699B809B}.Debug|x86.ActiveCfg = Debug|Win32
		{0C141AC6-BAC3-43F7-9B7B-7AAD699B809B}.Debug|x86.Build.0 = Debug|Win32
		{0C141AC6-BAC3-43F7-9B7B-7AAD699B809B}.Release|x64.ActiveCfg = Release|x64
		{0C141AC6-BAC3-43F7-9B7B-7AAD699B809B}.Release|x64.Build.0 = Release|x64
		{0C141AC6-BAC3-43F7-9B7B-7AAD699B809B}.Release|x86.ActiveCfg = Release|Win32
		{0C141AC6-BAC3-43F7-9B7B-7AAD699B809B}.Release|x86.Build.0 = Release|Win32
		{FEF561EC-5A86-4FD8-B21C-81264D152500}.Debug|x64.ActiveCfg = Debug|x64
		{FEF561EC-5A86-4FD8-B21C-81264D152500}.Debug|x64.Build.0 = Debug|x64
		{FEF561EC-5A86-4FD8-B21C-81264D152500}.Debug|x86.ActiveCfg = Debug|Win32
		{FEF561EC-5A86-4FD8-B21C-81264D152500}.Debug|x86.Build.0 = Debug|Win32
		{FEF561EC-5A86-4FD8-B21C-81264D152500}.Release|x64.ActiveCfg = Release|x64
		{FEF561EC-5A86-4FD8-B21C-81264D152500}.Release|x64.Build.0 = Release|x64
		{FEF561EC-5A86-4FD8-B21C-81264D152500}.Release|x86.ActiveCfg = Release|Win32
		{FEF561EC-5A86-4FD8-B21C-81264D152500}.Release|x86.Build.0 = Release|Win32
	EndGlobalSection
	GlobalSection(SolutionProperties) = preSolution
		HideSolutionNode = FALSE
	EndGlobalSection
	GlobalSection(ExtensibilityGlobals) = postSolution
		SolutionGuid = {04BF35D2-5C80-4AE9-AEFC-3310DC0E10B2}
	EndGlobalSection
EndGlobal
